# THIS IS AN AUTOGENERATED FILE. DO NOT EDIT THIS FILE DIRECTLY.
# yarn lockfile v1


"httpntlm@1.6.1":
  "integrity" "sha1-rQFScUOi6Hc8+uapb1hla7UqNLI="
  "resolved" "https://registry.npmjs.org/httpntlm/-/httpntlm-1.6.1.tgz"
  "version" "1.6.1"
  dependencies:
    "httpreq" ">=0.4.22"
    "underscore" "~1.7.0"

"httpreq@>=0.4.22":
  "integrity" "sha512-2Jm+x9WkExDOeFRrdBCBSpLPT5SokTcRHkunV3pjKmX/cx6av8zQ0WtHUMDrYb6O4hBFzNU6sxJEypvRUVYKnw=="
  "resolved" "https://registry.npmjs.org/httpreq/-/httpreq-0.5.2.tgz"
  "version" "0.5.2"

"js-tokens@^3.0.0 || ^4.0.0":
  "integrity" "sha512-RdJUflcE3cUzKiMqQgsCu06FPu9UdIJO0beYbPhHN4k6apgJtifcoCtT9bcxOpYBtpD2kCM6Sbzg4CausW/PKQ=="
  "resolved" "https://registry.npmjs.org/js-tokens/-/js-tokens-4.0.0.tgz"
  "version" "4.0.0"

"loose-envify@^1.1.0":
  "integrity" "sha512-lyuxPGr/Wfhrlem2CL/UcnUc1zcqKAImBDzukY7Y5F/yQiNdko6+fRLevlw1HgMySw7f611UIY408EtxRSoK3Q=="
  "resolved" "https://registry.npmjs.org/loose-envify/-/loose-envify-1.4.0.tgz"
  "version" "1.4.0"
  dependencies:
    "js-tokens" "^3.0.0 || ^4.0.0"

"nodemailer-fetch@1.6.0":
  "integrity" "sha1-ecSQihwPXzdbc/6IjamCj23JY6Q="
  "resolved" "https://registry.npmjs.org/nodemailer-fetch/-/nodemailer-fetch-1.6.0.tgz"
  "version" "1.6.0"

"nodemailer-shared@1.1.0":
  "integrity" "sha1-z1mU4v0mjQD1zw+nZ6CBae2wfsA="
  "resolved" "https://registry.npmjs.org/nodemailer-shared/-/nodemailer-shared-1.1.0.tgz"
  "version" "1.1.0"
  dependencies:
    "nodemailer-fetch" "1.6.0"

"nodemailer-smtp-pool@^2.8.3":
  "integrity" "sha1-HXockp6c2DDydclwrPo/9u6XbZQ="
  "resolved" "https://registry.npmjs.org/nodemailer-smtp-pool/-/nodemailer-smtp-pool-2.8.3.tgz"
  "version" "2.8.3"
  dependencies:
    "nodemailer-shared" "1.1.0"
    "nodemailer-wellknown" "0.1.10"
    "smtp-connection" "2.12.0"

"nodemailer-wellknown@0.1.10":
  "integrity" "sha1-WG24EB2zDLRDjrVGc3pBqtDPE9U="
  "resolved" "https://registry.npmjs.org/nodemailer-wellknown/-/nodemailer-wellknown-0.1.10.tgz"
  "version" "0.1.10"

"nodemailer@^6.7.3":
  "integrity" "sha512-KUdDsspqx89sD4UUyUKzdlUOper3hRkDVkrKh/89G+d9WKsU5ox51NWS4tB1XR5dPUdR4SP0E3molyEfOvSa3g=="
  "resolved" "https://registry.npmjs.org/nodemailer/-/nodemailer-6.7.3.tgz"
  "version" "6.7.3"

"object-assign@^4.1.1":
  "integrity" "sha1-IQmtx5ZYh8/AXLvUQsrIv7s2CGM="
  "resolved" "https://registry.npmjs.org/object-assign/-/object-assign-4.1.1.tgz"
  "version" "4.1.1"

"react-icons@^4.3.1":
  "integrity" "sha512-cB10MXLTs3gVuXimblAdI71jrJx8njrJZmNMEMC+sQu5B/BIOmlsAjskdqpn81y8UBVEGuHODd7/ci5DvoSzTQ=="
  "resolved" "https://registry.npmjs.org/react-icons/-/react-icons-4.3.1.tgz"
  "version" "4.3.1"

"react@*":
  "integrity" "sha512-gnhPt75i/dq/z3/6q/0asP78D0u592D5L1pd7M8P+dck6Fu/jJeL6iVVK23fptSUZj8Vjf++7wXA8UNclGQcbA=="
  "resolved" "https://registry.npmjs.org/react/-/react-17.0.2.tgz"
  "version" "17.0.2"
  dependencies:
    "loose-envify" "^1.1.0"
    "object-assign" "^4.1.1"

"smtp-connection@2.12.0":
  "integrity" "sha1-1275EnyyPCJZ7bHoNJwujV4tdME="
  "resolved" "https://registry.npmjs.org/smtp-connection/-/smtp-connection-2.12.0.tgz"
  "version" "2.12.0"
  dependencies:
    "httpntlm" "1.6.1"
    "nodemailer-shared" "1.1.0"

"underscore@~1.7.0":
  "integrity" "sha1-a7rwh3UA02vjTsqlhODbn+8DUgk="
  "resolved" "https://registry.npmjs.org/underscore/-/underscore-1.7.0.tgz"
  "version" "1.7.0"
